
Microsoft Visual Studio Solution File, Format Version 12.00
# Visual Studio Version 16
VisualStudioVersion = 16.0.29920.165
MinimumVisualStudioVersion = 10.0.40219.1
Project("{FAE04EC0-301F-11D3-BF4B-00C04F79EFBC}") = "FunctionApp1", "FunctionApp1\FunctionApp1.csproj", "{AFBDE9A5-DE3C-4D46-A84A-E31547E4325A}"
EndProject
Global
	GlobalSection(SolutionConfigurationPlatforms) = preSolution
		Debug|Any CPU = Debug|Any CPU
		Release|Any CPU = Release|Any CPU
	EndGlobalSection
	GlobalSection(ProjectConfigurationPlatforms) = postSolution
		{AFBDE9A5-DE3C-4D46-A84A-E31547E4325A}.Debug|Any CPU.ActiveCfg = Debug|Any CPU
		{AFBDE9A5-DE3C-4D46-A84A-E31547E4325A}.Debug|Any CPU.Build.0 = Debug|Any CPU
		{AFBDE9A5-DE3C-4D46-A84A-E31547E4325A}.Release|Any CPU.ActiveCfg = Release|Any CPU
		{AFBDE9A5-DE3C-4D46-A84A-E31547E4325A}.Release|Any CPU.Build.0 = Release|Any CPU
	EndGlobalSection
	GlobalSection(SolutionProperties) = preSolution
		HideSolutionNode = FALSE
	EndGlobalSection
	GlobalSection(ExtensibilityGlobals) = postSolution
		SolutionGuid = {08BDC8AA-51A9-4E25-8CAC-CFE7767E9DE0}
	EndGlobalSection
EndGlobal
